
Microsoft Visual Studio Solution File, Format Version 12.00
# Visual Studio Version 16
VisualStudioVersion = 16.0.30114.105
MinimumVisualStudioVersion = 10.0.40219.1
Project("{FAE04EC0-301F-11D3-BF4B-00C04F79EFBC}") = "API", "API\API.csproj", "{B51AC95D-4DC1-4111-8461-05B31D670EA6}"
EndProject
Project("{FAE04EC0-301F-11D3-BF4B-00C04F79EFBC}") = "Core", "Core\Core.csproj", "{85CEB4F2-5E2E-48C6-9497-8843D08A9B4C}"
EndProject
Project("{FAE04EC0-301F-11D3-BF4B-00C04F79EFBC}") = "Infrastructure", "Infrastructure\Infrastructure.csproj", "{F05064A1-0FA6-485C-9F55-C285274081CF}"
EndProject
Global
	GlobalSection(SolutionConfigurationPlatforms) = preSolution
		Debug|Any CPU = Debug|Any CPU
		Release|Any CPU = Release|Any CPU
	EndGlobalSection
	GlobalSection(SolutionProperties) = preSolution
		HideSolutionNode = FALSE
	EndGlobalSection
	GlobalSection(ProjectConfigurationPlatforms) = postSolution
		{B51AC95D-4DC1-4111-8461-05B31D670EA6}.Debug|Any CPU.ActiveCfg = Debug|Any CPU
		{B51AC95D-4DC1-4111-8461-05B31D670EA6}.Debug|Any CPU.Build.0 = Debug|Any CPU
		{B51AC95D-4DC1-4111-8461-05B31D670EA6}.Release|Any CPU.ActiveCfg = Release|Any CPU
		{B51AC95D-4DC1-4111-8461-05B31D670EA6}.Release|Any CPU.Build.0 = Release|Any CPU
		{85CEB4F2-5E2E-48C6-9497-8843D08A9B4C}.Debug|Any CPU.ActiveCfg = Debug|Any CPU
		{85CEB4F2-5E2E-48C6-9497-8843D08A9B4C}.Debug|Any CPU.Build.0 = Debug|Any CPU
		{85CEB4F2-5E2E-48C6-9497-8843D08A9B4C}.Release|Any CPU.ActiveCfg = Release|Any CPU
		{85CEB4F2-5E2E-48C6-9497-8843D08A9B4C}.Release|Any CPU.Build.0 = Release|Any CPU
		{F05064A1-0FA6-485C-9F55-C285274081CF}.Debug|Any CPU.ActiveCfg = Debug|Any CPU
		{F05064A1-0FA6-485C-9F55-C285274081CF}.Debug|Any CPU.Build.0 = Debug|Any CPU
		{F05064A1-0FA6-485C-9F55-C285274081CF}.Release|Any CPU.ActiveCfg = Release|Any CPU
		{F05064A1-0FA6-485C-9F55-C285274081CF}.Release|Any CPU.Build.0 = Release|Any CPU
	EndGlobalSection
EndGlobal
